
Microsoft Visual Studio Solution File, Format Version 12.00
# Visual Studio 15
VisualStudioVersion = 15.0.28307.902
MinimumVisualStudioVersion = 10.0.40219.1
Project("{FAE04EC0-301F-11D3-BF4B-00C04F79EFBC}") = "AOC", "AOC\AOC.csproj", "{AE80369F-A4F0-41EE-8927-EB7A41164606}"
EndProject
Global
	GlobalSection(SolutionConfigurationPlatforms) = preSolution
		Debug|Any CPU = Debug|Any CPU
		Release|Any CPU = Release|Any CPU
	EndGlobalSection
	GlobalSection(ProjectConfigurationPlatforms) = postSolution
		{AE80369F-A4F0-41EE-8927-EB7A41164606}.Debug|Any CPU.ActiveCfg = Debug|Any CPU
		{AE80369F-A4F0-41EE-8927-EB7A41164606}.Debug|Any CPU.Build.0 = Debug|Any CPU
		{AE80369F-A4F0-41EE-8927-EB7A41164606}.Release|Any CPU.ActiveCfg = Release|Any CPU
		{AE80369F-A4F0-41EE-8927-EB7A41164606}.Release|Any CPU.Build.0 = Release|Any CPU
	EndGlobalSection
	GlobalSection(SolutionProperties) = preSolution
		HideSolutionNode = FALSE
	EndGlobalSection
	GlobalSection(ExtensibilityGlobals) = postSolution
		SolutionGuid = {C9800EB8-8E06-4636-87BA-8C27CED7F8C0}
	EndGlobalSection
EndGlobal
